
Microsoft Visual Studio Solution File, Format Version 12.00
Project("{FAE04EC0-301F-11D3-BF4B-00C04F79EFBC}") = "PayApp", "PayApp.csproj", "{FE249892-4FF7-4228-8DFC-6FC498E9D61A}"
EndProject
Global
	GlobalSection(SolutionConfigurationPlatforms) = preSolution
		Debug|Any CPU = Debug|Any CPU
		Release|Any CPU = Release|Any CPU
	EndGlobalSection
	GlobalSection(ProjectConfigurationPlatforms) = postSolution
		{FE249892-4FF7-4228-8DFC-6FC498E9D61A}.Debug|Any CPU.ActiveCfg = Debug|Any CPU
		{FE249892-4FF7-4228-8DFC-6FC498E9D61A}.Debug|Any CPU.Build.0 = Debug|Any CPU
		{FE249892-4FF7-4228-8DFC-6FC498E9D61A}.Release|Any CPU.ActiveCfg = Release|Any CPU
		{FE249892-4FF7-4228-8DFC-6FC498E9D61A}.Release|Any CPU.Build.0 = Release|Any CPU
	EndGlobalSection
EndGlobal
